
Microsoft Visual Studio Solution File, Format Version 12.00
# Visual Studio Version 16
VisualStudioVersion = 16.0.30523.141
MinimumVisualStudioVersion = 10.0.40219.1
Project("{FAE04EC0-301F-11D3-BF4B-00C04F79EFBC}") = "Xam1.Android", "Xam1.Android\Xam1.Android.csproj", "{2EFD4F07-A8EF-4545-9EFF-C0BB8F1CB060}"
EndProject
Project("{FAE04EC0-301F-11D3-BF4B-00C04F79EFBC}") = "Xam1.iOS", "Xam1.iOS\Xam1.iOS.csproj", "{AB8655D6-8164-4FCF-85C3-6DF594B77BC5}"
EndProject
Project("{FAE04EC0-301F-11D3-BF4B-00C04F79EFBC}") = "Xam1", "Xam1\Xam1.csproj", "{26CE7601-C05D-4156-8CF5-26A24FA038E8}"
EndProject
Global
	GlobalSection(SolutionConfigurationPlatforms) = preSolution
		Debug|Any CPU = Debug|Any CPU
		Debug|iPhone = Debug|iPhone
		Debug|iPhoneSimulator = Debug|iPhoneSimulator
		Release|Any CPU = Release|Any CPU
		Release|iPhone = Release|iPhone
		Release|iPhoneSimulator = Release|iPhoneSimulator
	EndGlobalSection
	GlobalSection(ProjectConfigurationPlatforms) = postSolution
		{2EFD4F07-A8EF-4545-9EFF-C0BB8F1CB060}.Debug|Any CPU.ActiveCfg = Debug|Any CPU
		{2EFD4F07-A8EF-4545-9EFF-C0BB8F1CB060}.Debug|Any CPU.Build.0 = Debug|Any CPU
		{2EFD4F07-A8EF-4545-9EFF-C0BB8F1CB060}.Debug|Any CPU.Deploy.0 = Debug|Any CPU
		{2EFD4F07-A8EF-4545-9EFF-C0BB8F1CB060}.Debug|iPhone.ActiveCfg = Debug|Any CPU
		{2EFD4F07-A8EF-4545-9EFF-C0BB8F1CB060}.Debug|iPhone.Build.0 = Debug|Any CPU
		{2EFD4F07-A8EF-4545-9EFF-C0BB8F1CB060}.Debug|iPhone.Deploy.0 = Debug|Any CPU
		{2EFD4F07-A8EF-4545-9EFF-C0BB8F1CB060}.Debug|iPhoneSimulator.ActiveCfg = Debug|Any CPU
		{2EFD4F07-A8EF-4545-9EFF-C0BB8F1CB060}.Debug|iPhoneSimulator.Build.0 = Debug|Any CPU
		{2EFD4F07-A8EF-4545-9EFF-C0BB8F1CB060}.Debug|iPhoneSimulator.Deploy.0 = Debug|Any CPU
		{2EFD4F07-A8EF-4545-9EFF-C0BB8F1CB060}.Release|Any CPU.ActiveCfg = Release|Any CPU
		{2EFD4F07-A8EF-4545-9EFF-C0BB8F1CB060}.Release|Any CPU.Build.0 = Release|Any CPU
		{2EFD4F07-A8EF-4545-9EFF-C0BB8F1CB060}.Release|Any CPU.Deploy.0 = Release|Any CPU
		{2EFD4F07-A8EF-4545-9EFF-C0BB8F1CB060}.Release|iPhone.ActiveCfg = Release|Any CPU
		{2EFD4F07-A8EF-4545-9EFF-C0BB8F1CB060}.Release|iPhone.Build.0 = Release|Any CPU
		{2EFD4F07-A8EF-4545-9EFF-C0BB8F1CB060}.Release|iPhone.Deploy.0 = Release|Any CPU
		{2EFD4F07-A8EF-4545-9EFF-C0BB8F1CB060}.Release|iPhoneSimulator.ActiveCfg = Release|Any CPU
		{2EFD4F07-A8EF-4545-9EFF-C0BB8F1CB060}.Release|iPhoneSimulator.Build.0 = Release|Any CPU
		{2EFD4F07-A8EF-4545-9EFF-C0BB8F1CB060}.Release|iPhoneSimulator.Deploy.0 = Release|Any CPU
		{AB8655D6-8164-4FCF-85C3-6DF594B77BC5}.Debug|Any CPU.ActiveCfg = Debug|iPhone
		{AB8655D6-8164-4FCF-85C3-6DF594B77BC5}.Debug|Any CPU.Build.0 = Debug|iPhone
		{AB8655D6-8164-4FCF-85C3-6DF594B77BC5}.Debug|Any CPU.Deploy.0 = Debug|iPhone
		{AB8655D6-8164-4FCF-85C3-6DF594B77BC5}.Debug|iPhone.ActiveCfg = Debug|iPhone
		{AB8655D6-8164-4FCF-85C3-6DF594B77BC5}.Debug|iPhone.Build.0 = Debug|iPhone
		{AB8655D6-8164-4FCF-85C3-6DF594B77BC5}.Debug|iPhone.Deploy.0 = Debug|iPhone
		{AB8655D6-8164-4FCF-85C3-6DF594B77BC5}.Debug|iPhoneSimulator.ActiveCfg = Debug|iPhoneSimulator
		{AB8655D6-8164-4FCF-85C3-6DF594B77BC5}.Debug|iPhoneSimulator.Build.0 = Debug|iPhoneSimulator
		{AB8655D6-8164-4FCF-85C3-6DF594B77BC5}.Debug|iPhoneSimulator.Deploy.0 = Debug|iPhoneSimulator
		{AB8655D6-8164-4FCF-85C3-6DF594B77BC5}.Release|Any CPU.ActiveCfg = Release|iPhoneSimulator
		{AB8655D6-8164-4FCF-85C3-6DF594B77BC5}.Release|Any CPU.Build.0 = Release|iPhoneSimulator
		{AB8655D6-8164-4FCF-85C3-6DF594B77BC5}.Release|Any CPU.Deploy.0 = Release|iPhoneSimulator
		{AB8655D6-8164-4FCF-85C3-6DF594B77BC5}.Release|iPhone.ActiveCfg = Release|iPhone
		{AB8655D6-8164-4FCF-85C3-6DF594B77BC5}.Release|iPhone.Build.0 = Release|iPhone
		{AB8655D6-8164-4FCF-85C3-6DF594B77BC5}.Release|iPhone.Deploy.0 = Release|iPhone
		{AB8655D6-8164-4FCF-85C3-6DF594B77BC5}.Release|iPhoneSimulator.ActiveCfg = Release|iPhoneSimulator
		{AB8655D6-8164-4FCF-85C3-6DF594B77BC5}.Release|iPhoneSimulator.Build.0 = Release|iPhoneSimulator
		{AB8655D6-8164-4FCF-85C3-6DF594B77BC5}.Release|iPhoneSimulator.Deploy.0 = Release|iPhoneSimulator
		{26CE7601-C05D-4156-8CF5-26A24FA038E8}.Debug|Any CPU.ActiveCfg = Debug|Any CPU
		{26CE7601-C05D-4156-8CF5-26A24FA038E8}.Debug|Any CPU.Build.0 = Debug|Any CPU
		{26CE7601-C05D-4156-8CF5-26A24FA038E8}.Debug|Any CPU.Deploy.0 = Debug|Any CPU
		{26CE7601-C05D-4156-8CF5-26A24FA038E8}.Debug|iPhone.ActiveCfg = Debug|Any CPU
		{26CE7601-C05D-4156-8CF5-26A24FA038E8}.Debug|iPhone.Build.0 = Debug|Any CPU
		{26CE7601-C05D-4156-8CF5-26A24FA038E8}.Debug|iPhone.Deploy.0 = Debug|Any CPU
		{26CE7601-C05D-4156-8CF5-26A24FA038E8}.Debug|iPhoneSimulator.ActiveCfg = Debug|Any CPU
		{26CE7601-C05D-4156-8CF5-26A24FA038E8}.Debug|iPhoneSimulator.Build.0 = Debug|Any CPU
		{26CE7601-C05D-4156-8CF5-26A24FA038E8}.Debug|iPhoneSimulator.Deploy.0 = Debug|Any CPU
		{26CE7601-C05D-4156-8CF5-26A24FA038E8}.Release|Any CPU.ActiveCfg = Release|Any CPU
		{26CE7601-C05D-4156-8CF5-26A24FA038E8}.Release|Any CPU.Build.0 = Release|Any CPU
		{26CE7601-C05D-4156-8CF5-26A24FA038E8}.Release|Any CPU.Deploy.0 = Release|Any CPU
		{26CE7601-C05D-4156-8CF5-26A24FA038E8}.Release|iPhone.ActiveCfg = Release|Any CPU
		{26CE7601-C05D-4156-8CF5-26A24FA038E8}.Release|iPhone.Build.0 = Release|Any CPU
		{26CE7601-C05D-4156-8CF5-26A24FA038E8}.Release|iPhone.Deploy.0 = Release|Any CPU
		{26CE7601-C05D-4156-8CF5-26A24FA038E8}.Release|iPhoneSimulator.ActiveCfg = Release|Any CPU
		{26CE7601-C05D-4156-8CF5-26A24FA038E8}.Release|iPhoneSimulator.Build.0 = Release|Any CPU
		{26CE7601-C05D-4156-8CF5-26A24FA038E8}.Release|iPhoneSimulator.Deploy.0 = Release|Any CPU
	EndGlobalSection
	GlobalSection(SolutionProperties) = preSolution
		HideSolutionNode = FALSE
	EndGlobalSection
	GlobalSection(ExtensibilityGlobals) = postSolution
		SolutionGuid = {DF732B92-84B1-494D-AC57-F559EBEA6FE0}
	EndGlobalSection
EndGlobal
