
Microsoft Visual Studio Solution File, Format Version 12.00
# Visual Studio 15
VisualStudioVersion = 15.0.28307.852
MinimumVisualStudioVersion = 10.0.40219.1
Project("{FAE04EC0-301F-11D3-BF4B-00C04F79EFBC}") = "WordCounter", "WordCounter\WordCounter.csproj", "{D6808322-A266-4A0C-BBD3-C2DA6DAC8FBC}"
EndProject
Global
	GlobalSection(SolutionConfigurationPlatforms) = preSolution
		Debug|Any CPU = Debug|Any CPU
		Release|Any CPU = Release|Any CPU
	EndGlobalSection
	GlobalSection(ProjectConfigurationPlatforms) = postSolution
		{D6808322-A266-4A0C-BBD3-C2DA6DAC8FBC}.Debug|Any CPU.ActiveCfg = Debug|Any CPU
		{D6808322-A266-4A0C-BBD3-C2DA6DAC8FBC}.Debug|Any CPU.Build.0 = Debug|Any CPU
		{D6808322-A266-4A0C-BBD3-C2DA6DAC8FBC}.Release|Any CPU.ActiveCfg = Release|Any CPU
		{D6808322-A266-4A0C-BBD3-C2DA6DAC8FBC}.Release|Any CPU.Build.0 = Release|Any CPU
	EndGlobalSection
	GlobalSection(SolutionProperties) = preSolution
		HideSolutionNode = FALSE
	EndGlobalSection
	GlobalSection(ExtensibilityGlobals) = postSolution
		SolutionGuid = {1818A83D-2A78-41FC-BFFE-1A53CA6F1135}
	EndGlobalSection
EndGlobal
