
Microsoft Visual Studio Solution File, Format Version 12.00
# Visual Studio Version 16
VisualStudioVersion = 16.0.30523.141
MinimumVisualStudioVersion = 10.0.40219.1
Project("{FAE04EC0-301F-11D3-BF4B-00C04F79EFBC}") = "webStealer", "webStealer.csproj", "{FCE45F67-24A7-487B-AFD5-5B1A02ABDF0C}"
EndProject
Global
	GlobalSection(SolutionConfigurationPlatforms) = preSolution
		Debug|Any CPU = Debug|Any CPU
		Release|Any CPU = Release|Any CPU
	EndGlobalSection
	GlobalSection(ProjectConfigurationPlatforms) = postSolution
		{FCE45F67-24A7-487B-AFD5-5B1A02ABDF0C}.Debug|Any CPU.ActiveCfg = Debug|Any CPU
		{FCE45F67-24A7-487B-AFD5-5B1A02ABDF0C}.Debug|Any CPU.Build.0 = Debug|Any CPU
		{FCE45F67-24A7-487B-AFD5-5B1A02ABDF0C}.Release|Any CPU.ActiveCfg = Release|Any CPU
		{FCE45F67-24A7-487B-AFD5-5B1A02ABDF0C}.Release|Any CPU.Build.0 = Release|Any CPU
	EndGlobalSection
	GlobalSection(SolutionProperties) = preSolution
		HideSolutionNode = FALSE
	EndGlobalSection
	GlobalSection(ExtensibilityGlobals) = postSolution
		SolutionGuid = {C129646A-C6F8-495C-BAC4-5BA290D70F0B}
	EndGlobalSection
EndGlobal
