
Microsoft Visual Studio Solution File, Format Version 12.00
# Visual Studio Version 16
VisualStudioVersion = 16.0.30523.141
MinimumVisualStudioVersion = 10.0.40219.1
Project("{FAE04EC0-301F-11D3-BF4B-00C04F79EFBC}") = "ApiUkolv2.Android", "ApiUkolv2.Android\ApiUkolv2.Android.csproj", "{03A14B65-E18A-4B1F-9050-0FC62B7F4024}"
EndProject
Project("{FAE04EC0-301F-11D3-BF4B-00C04F79EFBC}") = "ApiUkolv2", "ApiUkolv2\ApiUkolv2.csproj", "{2133F900-1F30-419B-B866-1C52CAD9E382}"
EndProject
Global
	GlobalSection(SolutionConfigurationPlatforms) = preSolution
		Debug|Any CPU = Debug|Any CPU
		Release|Any CPU = Release|Any CPU
	EndGlobalSection
	GlobalSection(ProjectConfigurationPlatforms) = postSolution
		{03A14B65-E18A-4B1F-9050-0FC62B7F4024}.Debug|Any CPU.ActiveCfg = Debug|Any CPU
		{03A14B65-E18A-4B1F-9050-0FC62B7F4024}.Debug|Any CPU.Build.0 = Debug|Any CPU
		{03A14B65-E18A-4B1F-9050-0FC62B7F4024}.Debug|Any CPU.Deploy.0 = Debug|Any CPU
		{03A14B65-E18A-4B1F-9050-0FC62B7F4024}.Release|Any CPU.ActiveCfg = Release|Any CPU
		{03A14B65-E18A-4B1F-9050-0FC62B7F4024}.Release|Any CPU.Build.0 = Release|Any CPU
		{03A14B65-E18A-4B1F-9050-0FC62B7F4024}.Release|Any CPU.Deploy.0 = Release|Any CPU
		{2133F900-1F30-419B-B866-1C52CAD9E382}.Debug|Any CPU.ActiveCfg = Debug|Any CPU
		{2133F900-1F30-419B-B866-1C52CAD9E382}.Debug|Any CPU.Build.0 = Debug|Any CPU
		{2133F900-1F30-419B-B866-1C52CAD9E382}.Debug|Any CPU.Deploy.0 = Debug|Any CPU
		{2133F900-1F30-419B-B866-1C52CAD9E382}.Release|Any CPU.ActiveCfg = Release|Any CPU
		{2133F900-1F30-419B-B866-1C52CAD9E382}.Release|Any CPU.Build.0 = Release|Any CPU
		{2133F900-1F30-419B-B866-1C52CAD9E382}.Release|Any CPU.Deploy.0 = Release|Any CPU
	EndGlobalSection
	GlobalSection(SolutionProperties) = preSolution
		HideSolutionNode = FALSE
	EndGlobalSection
	GlobalSection(ExtensibilityGlobals) = postSolution
		SolutionGuid = {8A71853B-7AB6-44B3-A60B-FF00BE0D51D5}
	EndGlobalSection
EndGlobal
